
Microsoft Visual Studio Solution File, Format Version 12.00
# Visual Studio Version 16
VisualStudioVersion = 16.0.30320.27
MinimumVisualStudioVersion = 10.0.40219.1
Project("{FAE04EC0-301F-11D3-BF4B-00C04F79EFBC}") = "SernaSistemas.Cotediv_3", "SernaSistemas.Cotediv_3\SernaSistemas.Cotediv_3.csproj", "{A7D8651A-C2BE-4AAE-B248-17AC5CC5E9F6}"
EndProject
Project("{FAE04EC0-301F-11D3-BF4B-00C04F79EFBC}") = "SernaSistemas.Cotediv_3.DataAccess", "SernaSistemas.Cotediv_3.DataAccess\SernaSistemas.Cotediv_3.DataAccess.csproj", "{0E34759D-8ACC-411B-9DCB-23A9AE7728F7}"
EndProject
Global
	GlobalSection(SolutionConfigurationPlatforms) = preSolution
		Debug|Any CPU = Debug|Any CPU
		Release|Any CPU = Release|Any CPU
	EndGlobalSection
	GlobalSection(ProjectConfigurationPlatforms) = postSolution
		{A7D8651A-C2BE-4AAE-B248-17AC5CC5E9F6}.Debug|Any CPU.ActiveCfg = Debug|Any CPU
		{A7D8651A-C2BE-4AAE-B248-17AC5CC5E9F6}.Debug|Any CPU.Build.0 = Debug|Any CPU
		{A7D8651A-C2BE-4AAE-B248-17AC5CC5E9F6}.Release|Any CPU.ActiveCfg = Release|Any CPU
		{A7D8651A-C2BE-4AAE-B248-17AC5CC5E9F6}.Release|Any CPU.Build.0 = Release|Any CPU
		{0E34759D-8ACC-411B-9DCB-23A9AE7728F7}.Debug|Any CPU.ActiveCfg = Debug|Any CPU
		{0E34759D-8ACC-411B-9DCB-23A9AE7728F7}.Debug|Any CPU.Build.0 = Debug|Any CPU
		{0E34759D-8ACC-411B-9DCB-23A9AE7728F7}.Release|Any CPU.ActiveCfg = Release|Any CPU
		{0E34759D-8ACC-411B-9DCB-23A9AE7728F7}.Release|Any CPU.Build.0 = Release|Any CPU
	EndGlobalSection
	GlobalSection(SolutionProperties) = preSolution
		HideSolutionNode = FALSE
	EndGlobalSection
	GlobalSection(ExtensibilityGlobals) = postSolution
		SolutionGuid = {F8D23669-68F0-4EFF-BEA1-FCBBBD53C05B}
	EndGlobalSection
EndGlobal
